
Microsoft Visual Studio Solution File, Format Version 12.00
# Visual Studio Version 17
VisualStudioVersion = 17.9.34616.47
MinimumVisualStudioVersion = 10.0.40219.1
Project("{FAE04EC0-301F-11D3-BF4B-00C04F79EFBC}") = "STEAM2", "STEAM2.csproj", "{676E07E3-427A-476D-9746-8431D33C0C95}"
EndProject
Global
	GlobalSection(SolutionConfigurationPlatforms) = preSolution
		Debug|Any CPU = Debug|Any CPU
		Release|Any CPU = Release|Any CPU
	EndGlobalSection
	GlobalSection(ProjectConfigurationPlatforms) = postSolution
		{676E07E3-427A-476D-9746-8431D33C0C95}.Debug|Any CPU.ActiveCfg = Debug|Any CPU
		{676E07E3-427A-476D-9746-8431D33C0C95}.Debug|Any CPU.Build.0 = Debug|Any CPU
		{676E07E3-427A-476D-9746-8431D33C0C95}.Release|Any CPU.ActiveCfg = Release|Any CPU
		{676E07E3-427A-476D-9746-8431D33C0C95}.Release|Any CPU.Build.0 = Release|Any CPU
	EndGlobalSection
	GlobalSection(SolutionProperties) = preSolution
		HideSolutionNode = FALSE
	EndGlobalSection
	GlobalSection(ExtensibilityGlobals) = postSolution
		SolutionGuid = {FDDE052B-DFCC-47FA-8944-F73AF352E1CA}
	EndGlobalSection
EndGlobal
